
Microsoft Visual Studio Solution File, Format Version 12.00
# Visual Studio 15
VisualStudioVersion = 15.0.28307.489
MinimumVisualStudioVersion = 10.0.40219.1
Project("{FAE04EC0-301F-11D3-BF4B-00C04F79EFBC}") = "VendasMVC", "VendasMVC.csproj", "{EF68D830-3FFE-4326-B85E-F8CBA6EBCD27}"
EndProject
Global
	GlobalSection(SolutionConfigurationPlatforms) = preSolution
		Debug|Any CPU = Debug|Any CPU
		Release|Any CPU = Release|Any CPU
	EndGlobalSection
	GlobalSection(ProjectConfigurationPlatforms) = postSolution
		{EF68D830-3FFE-4326-B85E-F8CBA6EBCD27}.Debug|Any CPU.ActiveCfg = Debug|Any CPU
		{EF68D830-3FFE-4326-B85E-F8CBA6EBCD27}.Debug|Any CPU.Build.0 = Debug|Any CPU
		{EF68D830-3FFE-4326-B85E-F8CBA6EBCD27}.Release|Any CPU.ActiveCfg = Release|Any CPU
		{EF68D830-3FFE-4326-B85E-F8CBA6EBCD27}.Release|Any CPU.Build.0 = Release|Any CPU
	EndGlobalSection
	GlobalSection(SolutionProperties) = preSolution
		HideSolutionNode = FALSE
	EndGlobalSection
	GlobalSection(ExtensibilityGlobals) = postSolution
		SolutionGuid = {49B1DF9F-A233-47B4-B662-D815D5328C30}
	EndGlobalSection
EndGlobal
